
Microsoft Visual Studio Solution File, Format Version 12.00
# Visual Studio Version 16
VisualStudioVersion = 16.0.31410.357
MinimumVisualStudioVersion = 10.0.40219.1
Project("{FAE04EC0-301F-11D3-BF4B-00C04F79EFBC}") = "MyNewService", "MyNewService\MyNewService.csproj", "{2E8AD3A6-C7AE-42A1-949A-DB79BA264DAF}"
EndProject
Global
	GlobalSection(SolutionConfigurationPlatforms) = preSolution
		Debug|Any CPU = Debug|Any CPU
		Release|Any CPU = Release|Any CPU
	EndGlobalSection
	GlobalSection(ProjectConfigurationPlatforms) = postSolution
		{2E8AD3A6-C7AE-42A1-949A-DB79BA264DAF}.Debug|Any CPU.ActiveCfg = Debug|Any CPU
		{2E8AD3A6-C7AE-42A1-949A-DB79BA264DAF}.Debug|Any CPU.Build.0 = Debug|Any CPU
		{2E8AD3A6-C7AE-42A1-949A-DB79BA264DAF}.Release|Any CPU.ActiveCfg = Release|Any CPU
		{2E8AD3A6-C7AE-42A1-949A-DB79BA264DAF}.Release|Any CPU.Build.0 = Release|Any CPU
	EndGlobalSection
	GlobalSection(SolutionProperties) = preSolution
		HideSolutionNode = FALSE
	EndGlobalSection
	GlobalSection(ExtensibilityGlobals) = postSolution
		SolutionGuid = {661182E7-87A4-4E8B-B139-DD0054AB6136}
	EndGlobalSection
EndGlobal
